<?xml version="1.0" encoding="UTF-8" standalone="yes" ?>
<CodeBlocks_project_file>
	<FileVersion major="1" minor="6" />
	<Project>
		<Option title="JumpingJimothy" />
		<Option platforms="Windows;Unix;" />
		<Option pch_mode="2" />
		<Option compiler="gcc" />
		<Build>
			<Target title="Release">
				<Option output="bin/JumpingJimothy" prefix_auto="1" extension_auto="1" />
				<Option working_dir="bin/" />
				<Option object_output="obj/" />
				<Option type="0" />
				<Option compiler="gcc" />
				<Compiler>
					<Add option="-std=c++11" />
					<Add option="-g" />
					<Add option="-static-libgcc -static-libstdc++" />
					<Add directory="include" />
				</Compiler>
				<Linker>
					<Add option="-lallegro" />
					<Add option="-lallegro_primitives" />
					<Add option="-lallegro_image" />
					<Add option="-lallegro_audio" />
					<Add option="-lallegro_font" />
					<Add option="-lallegro_color" />
					<Add option="-lallegro_dialog" />
					<Add option="-lallegro_ttf" />
					<Add option="-lallegro_acodec" />
					<Add option="-lBox2D" />
					<Add directory="include" />
				</Linker>
			</Target>
			<Target title="Debug">
				<Option output="bin/JumpDebug" prefix_auto="1" extension_auto="1" />
				<Option working_dir="bin/" />
				<Option object_output="obj/" />
				<Option type="1" />
				<Option compiler="gcc" />
				<Option use_console_runner="0" />
				<Compiler>
					<Add directory="include" />
				</Compiler>
				<Linker>
					<Add option="-lallegro" />
					<Add option="-lallegro_primitives" />
					<Add option="-lallegro_image" />
					<Add option="-lallegro_audio" />
					<Add option="-lallegro_font" />
					<Add option="-lallegro_color" />
					<Add option="-lallegro_dialog" />
					<Add option="-lallegro_ttf" />
					<Add option="-lallegro_acodec" />
					<Add option="-lBox2D" />
					<Add directory="include" />
				</Linker>
			</Target>
		</Build>
		<Compiler>
			<Add option="-O2" />
			<Add option="-Wall" />
			<Add option="-std=c++11" />
		</Compiler>
		<Linker>
			<Add option="-s" />
		</Linker>
		<Unit filename="include/Box.h" />
		<Unit filename="include/Character.h" />
		<Unit filename="include/CollisionBox.h" />
		<Unit filename="include/DynamicBox.h" />
		<Unit filename="include/Explosive.h" />
		<Unit filename="include/Goat.h" />
		<Unit filename="include/Sensor.h" />
		<Unit filename="include/StaticBox.h" />
		<Unit filename="include/button.h" />
		<Unit filename="include/editor.h" />
		<Unit filename="include/game.h" />
		<Unit filename="include/globals.h" />
		<Unit filename="include/init.h" />
		<Unit filename="include/joystickListener.h" />
		<Unit filename="include/keyListener.h" />
		<Unit filename="include/menu.h" />
		<Unit filename="include/mouseListener.h" />
		<Unit filename="include/state.h" />
		<Unit filename="include/tools.h" />
		<Unit filename="src/Box.cpp" />
		<Unit filename="src/Character.cpp" />
		<Unit filename="src/CollisionBox.cpp" />
		<Unit filename="src/DynamicBox.cpp" />
		<Unit filename="src/Explosive.cpp" />
		<Unit filename="src/Goat.cpp" />
		<Unit filename="src/Sensor.cpp" />
		<Unit filename="src/StaticBox.cpp" />
		<Unit filename="src/button.cpp" />
		<Unit filename="src/editor.cpp" />
		<Unit filename="src/game.cpp" />
		<Unit filename="src/init.cpp" />
		<Unit filename="src/joystickListener.cpp" />
		<Unit filename="src/keyListener.cpp" />
		<Unit filename="src/main.cpp" />
		<Unit filename="src/menu.cpp" />
		<Unit filename="src/mouseListener.cpp" />
		<Unit filename="src/state.cpp" />
		<Unit filename="src/tools.cpp" />
		<Extensions>
			<code_completion />
			<envvars />
			<lib_finder disable_auto="1" />
			<debugger />
		</Extensions>
	</Project>
</CodeBlocks_project_file>
