<?xml version="1.0" encoding="UTF-8" standalone="yes" ?>
<CodeBlocks_project_file>
	<FileVersion major="1" minor="6" />
	<Project>
		<Option title="JumpingJimothy" />
		<Option platforms="Windows;Unix;" />
		<Option pch_mode="2" />
		<Option compiler="gcc" />
		<Build>
			<Target title="Release">
				<Option output="bin/JumpingJimothy" prefix_auto="1" extension_auto="1" />
				<Option working_dir="bin/" />
				<Option object_output="obj/" />
				<Option type="1" />
				<Option compiler="gcc" />
				<Compiler>
					<Add option="-Wnon-virtual-dtor" />
					<Add option="-Winit-self" />
					<Add option="-Wredundant-decls" />
					<Add option="-Wunreachable-code" />
					<Add option="-Wmissing-include-dirs" />
					<Add option="-Wmain" />
					<Add option="-Wextra" />
					<Add option="-std=c++11" />
					<Add option="-g" />
					<Add option="-Wno-strict-aliasing" />
					<Add option="-Wno-shadow" />
					<Add option="-Wno-unused-parameter" />
					<Add option="-DRELEASE" />
					<Add directory="include" />
					<Add directory="include/rapidxml" />
				</Compiler>
				<Linker>
					<Add option="-lallegro" />
					<Add option="-lallegro_primitives" />
					<Add option="-lallegro_image" />
					<Add option="-lallegro_audio" />
					<Add option="-lallegro_font" />
					<Add option="-lallegro_color" />
					<Add option="-lallegro_dialog" />
					<Add option="-lallegro_ttf" />
					<Add option="-lallegro_acodec" />
					<Add option="-lBox2D" />
					<Add directory="include" />
				</Linker>
			</Target>
			<Target title="Debug">
				<Option output="bin/JumpDebug" prefix_auto="1" extension_auto="1" />
				<Option working_dir="bin/" />
				<Option object_output="obj/" />
				<Option type="1" />
				<Option compiler="gcc" />
				<Option use_console_runner="0" />
				<Compiler>
					<Add option="-g" />
					<Add option="-DDEBUG" />
					<Add directory="include" />
				</Compiler>
				<Linker>
					<Add option="-lallegro" />
					<Add option="-lallegro_primitives" />
					<Add option="-lallegro_image" />
					<Add option="-lallegro_audio" />
					<Add option="-lallegro_font" />
					<Add option="-lallegro_color" />
					<Add option="-lallegro_dialog" />
					<Add option="-lallegro_ttf" />
					<Add option="-lallegro_acodec" />
					<Add option="-lBox2D" />
					<Add directory="include" />
				</Linker>
			</Target>
		</Build>
		<Compiler>
			<Add option="-O2" />
			<Add option="-Wall" />
			<Add option="-std=c++11" />
		</Compiler>
		<Linker>
			<Add option="-s" />
		</Linker>
		<Unit filename="include/ActionBinder.h" />
		<Unit filename="include/Box.h" />
		<Unit filename="include/Button.h" />
		<Unit filename="include/Character.h" />
		<Unit filename="include/CheckBox.h" />
		<Unit filename="include/CollisionBox.h" />
		<Unit filename="include/Config.h" />
		<Unit filename="include/Controls.h" />
		<Unit filename="include/DisplayMode.h" />
		<Unit filename="include/DynamicBox.h" />
		<Unit filename="include/Editor.h" />
		<Unit filename="include/Explosive.h" />
		<Unit filename="include/Game.h" />
		<Unit filename="include/Globals.h" />
		<Unit filename="include/Goat.h" />
		<Unit filename="include/Init.h" />
		<Unit filename="include/JoystickCodes.h" />
		<Unit filename="include/JoystickListener.h" />
		<Unit filename="include/KeyListener.h" />
		<Unit filename="include/LevelSelect.h" />
		<Unit filename="include/Menu.h" />
		<Unit filename="include/MouseListener.h" />
		<Unit filename="include/MusicManager.h" />
		<Unit filename="include/Options.h" />
		<Unit filename="include/Sensor.h" />
		<Unit filename="include/Sound.h" />
		<Unit filename="include/State.h" />
		<Unit filename="include/StaticBox.h" />
		<Unit filename="include/ToggleBox.h" />
		<Unit filename="include/Tools.h" />
		<Unit filename="include/UIControlElement.h" />
		<Unit filename="include/UIElement.h" />
		<Unit filename="include/UIHandler.h" />
		<Unit filename="include/UIInformationElement.h" />
		<Unit filename="include/UILabel.h" />
		<Unit filename="src/ActionBinder.cpp" />
		<Unit filename="src/Box.cpp" />
		<Unit filename="src/Button.cpp" />
		<Unit filename="src/Character.cpp" />
		<Unit filename="src/CheckBox.cpp" />
		<Unit filename="src/CollisionBox.cpp" />
		<Unit filename="src/Config.cpp" />
		<Unit filename="src/Controls.cpp" />
		<Unit filename="src/DisplayMode.cpp" />
		<Unit filename="src/DynamicBox.cpp" />
		<Unit filename="src/Editor.cpp" />
		<Unit filename="src/Explosive.cpp" />
		<Unit filename="src/Game.cpp" />
		<Unit filename="src/Goat.cpp" />
		<Unit filename="src/Init.cpp" />
		<Unit filename="src/JoystickListener.cpp" />
		<Unit filename="src/KeyListener.cpp" />
		<Unit filename="src/LevelSelect.cpp" />
		<Unit filename="src/Menu.cpp" />
		<Unit filename="src/MouseListener.cpp" />
		<Unit filename="src/MusicManager.cpp" />
		<Unit filename="src/Options.cpp" />
		<Unit filename="src/Sensor.cpp" />
		<Unit filename="src/Sound.cpp" />
		<Unit filename="src/State.cpp" />
		<Unit filename="src/StaticBox.cpp" />
		<Unit filename="src/ToggleBox.cpp" />
		<Unit filename="src/Tools.cpp" />
		<Unit filename="src/UIControlElement.cpp" />
		<Unit filename="src/UIElement.cpp" />
		<Unit filename="src/UIHandler.cpp" />
		<Unit filename="src/UIInformationElement.cpp" />
		<Unit filename="src/UILabel.cpp" />
		<Unit filename="src/main.cpp" />
		<Extensions>
			<code_completion />
			<envvars />
			<lib_finder disable_auto="1" />
			<debugger />
		</Extensions>
	</Project>
</CodeBlocks_project_file>
