<?xml version="1.0" encoding="UTF-8" standalone="yes" ?>
<CodeBlocks_project_file>
	<FileVersion major="1" minor="6" />
	<Project>
		<Option title="JumpingJimothy" />
		<Option platforms="Windows;Unix;" />
		<Option pch_mode="2" />
		<Option compiler="gcc" />
		<Build>
			<Target title="Release">
				<Option output="build/JumpingJimothy" prefix_auto="1" extension_auto="1" />
				<Option working_dir="build/" />
				<Option object_output="bin/" />
				<Option type="1" />
				<Option compiler="gcc" />
				<Compiler>
					<Add option="-Wnon-virtual-dtor" />
					<Add option="-Winit-self" />
					<Add option="-Wredundant-decls" />
					<Add option="-Wunreachable-code" />
					<Add option="-Wmissing-include-dirs" />
					<Add option="-Wmain" />
					<Add option="-Wextra" />
					<Add option="-std=c++14" />
					<Add option="-Wno-strict-aliasing" />
					<Add option="-Wno-shadow" />
					<Add option="-Wno-unused-parameter" />
					<Add option="-DRELEASE" />
					<Add directory="include" />
				</Compiler>
				<Linker>
					<Add option="-lallegro" />
					<Add option="-lallegro_primitives" />
					<Add option="-lallegro_image" />
					<Add option="-lallegro_audio" />
					<Add option="-lallegro_font" />
					<Add option="-lallegro_color" />
					<Add option="-lallegro_dialog" />
					<Add option="-lallegro_ttf" />
					<Add option="-lallegro_acodec" />
					<Add option="-lBox2D" />
					<Add directory="include" />
				</Linker>
			</Target>
			<Target title="Debug">
				<Option output="build/JumpDebug" prefix_auto="1" extension_auto="1" />
				<Option working_dir="build/" />
				<Option object_output="bin/" />
				<Option type="1" />
				<Option compiler="gcc" />
				<Option use_console_runner="0" />
				<Compiler>
					<Add option="-std=c++14" />
					<Add option="-g" />
					<Add option="-DDEBUG" />
					<Add directory="include" />
				</Compiler>
				<Linker>
					<Add option="-lallegro" />
					<Add option="-lallegro_primitives" />
					<Add option="-lallegro_image" />
					<Add option="-lallegro_audio" />
					<Add option="-lallegro_font" />
					<Add option="-lallegro_color" />
					<Add option="-lallegro_dialog" />
					<Add option="-lallegro_ttf" />
					<Add option="-lallegro_acodec" />
					<Add option="-lBox2D" />
					<Add directory="include" />
				</Linker>
			</Target>
		</Build>
		<Compiler>
			<Add option="-O2" />
			<Add option="-Wall" />
			<Add option="-std=c++11" />
		</Compiler>
		<Linker>
			<Add option="-s" />
		</Linker>
		<Unit filename="include/State.h" />
		<Unit filename="include/editor/Editor.h" />
		<Unit filename="include/game/Box.h" />
		<Unit filename="include/game/Character.h" />
		<Unit filename="include/game/CollisionBox.h" />
		<Unit filename="include/game/DynamicBox.h" />
		<Unit filename="include/game/Explosive.h" />
		<Unit filename="include/game/Game.h" />
		<Unit filename="include/game/Goat.h" />
		<Unit filename="include/game/Sensor.h" />
		<Unit filename="include/game/StaticBox.h" />
		<Unit filename="include/menu/LevelSelect.h" />
		<Unit filename="include/menu/Menu.h" />
		<Unit filename="include/menu/Options.h" />
		<Unit filename="include/ui/Button.h" />
		<Unit filename="include/ui/CheckBox.h" />
		<Unit filename="include/ui/Label.h" />
		<Unit filename="include/ui/UIElement.h" />
		<Unit filename="include/ui/UIHandler.h" />
		<Unit filename="include/util/ActionBinder.h" />
		<Unit filename="include/util/Config.h" />
		<Unit filename="include/util/DisplayMode.h" />
		<Unit filename="include/util/Globals.h" />
		<Unit filename="include/util/JoystickCodes.h" />
		<Unit filename="include/util/JoystickListener.h" />
		<Unit filename="include/util/KeyListener.h" />
		<Unit filename="include/util/MouseListener.h" />
		<Unit filename="include/util/MusicManager.h" />
		<Unit filename="include/util/Sound.h" />
		<Unit filename="include/util/Tools.h" />
		<Unit filename="src/State.cpp" />
		<Unit filename="src/editor/Editor.cpp" />
		<Unit filename="src/game/Box.cpp" />
		<Unit filename="src/game/Character.cpp" />
		<Unit filename="src/game/CollisionBox.cpp" />
		<Unit filename="src/game/DynamicBox.cpp" />
		<Unit filename="src/game/Explosive.cpp" />
		<Unit filename="src/game/Game.cpp" />
		<Unit filename="src/game/Goat.cpp" />
		<Unit filename="src/game/Sensor.cpp" />
		<Unit filename="src/game/StaticBox.cpp" />
		<Unit filename="src/main.cpp" />
		<Unit filename="src/menu/LevelSelect.cpp" />
		<Unit filename="src/menu/Menu.cpp" />
		<Unit filename="src/menu/Options.cpp" />
		<Unit filename="src/ui/Button.cpp" />
		<Unit filename="src/ui/CheckBox.cpp" />
		<Unit filename="src/ui/Label.cpp" />
		<Unit filename="src/ui/UIElement.cpp" />
		<Unit filename="src/ui/UIHandler.cpp" />
		<Unit filename="src/util/ActionBinder.cpp" />
		<Unit filename="src/util/Config.cpp" />
		<Unit filename="src/util/DisplayMode.cpp" />
		<Unit filename="src/util/Globals.cpp" />
		<Unit filename="src/util/JoystickListener.cpp" />
		<Unit filename="src/util/KeyListener.cpp" />
		<Unit filename="src/util/MouseListener.cpp" />
		<Unit filename="src/util/MusicManager.cpp" />
		<Unit filename="src/util/Sound.cpp" />
		<Unit filename="src/util/Tools.cpp" />
		<Extensions>
			<code_completion />
			<envvars />
			<lib_finder disable_auto="1" />
			<debugger />
		</Extensions>
	</Project>
</CodeBlocks_project_file>
